
Microsoft Visual Studio Solution File, Format Version 12.00
# Visual Studio Version 17
VisualStudioVersion = 17.11.35312.102
MinimumVisualStudioVersion = 10.0.40219.1
Project("{8BC9CEB8-8B4A-11D0-8D11-00A0C91BC942}") = "QtMyCAD", "QtMyCAD\QtMyCAD.vcxproj", "{B87C8F46-ED9D-4A0B-B8D8-F5AFB90C5510}"
EndProject
Project("{8BC9CEB8-8B4A-11D0-8D11-00A0C91BC942}") = "TIM", "TIM\TIM.vcxproj", "{46E523BF-2C9C-462D-83D3-0165D6270EAF}"
EndProject
Project("{8BC9CEB8-8B4A-11D0-8D11-00A0C91BC942}") = "QtTest", "QtTest\QtTest.vcxproj", "{EDFE1A3A-941E-4675-B1D0-B944BDF54BBE}"
EndProject
Project("{8BC9CEB8-8B4A-11D0-8D11-00A0C91BC942}") = "TestGPU", "TestGPU\TestGPU.vcxproj", "{6B3A9CE8-5B8F-4869-813F-CBC839BDAD81}"
EndProject
Project("{8BC9CEB8-8B4A-11D0-8D11-00A0C91BC942}") = "QtGPUTest", "QtGPUTest\QtGPUTest.vcxproj", "{CAC94070-A817-405E-91F5-FF66E192895B}"
EndProject
Project("{8BC9CEB8-8B4A-11D0-8D11-00A0C91BC942}") = "PythonCPPTest", "PythonCPPTest\PythonCPPTest.vcxproj", "{E67DC15E-ABF7-45F7-8D80-7D9D446EEC63}"
EndProject
Global
	GlobalSection(SolutionConfigurationPlatforms) = preSolution
		Debug|x64 = Debug|x64
		Debug|x86 = Debug|x86
		Release|x64 = Release|x64
		Release|x86 = Release|x86
	EndGlobalSection
	GlobalSection(ProjectConfigurationPlatforms) = postSolution
		{B87C8F46-ED9D-4A0B-B8D8-F5AFB90C5510}.Debug|x64.ActiveCfg = Debug|x64
		{B87C8F46-ED9D-4A0B-B8D8-F5AFB90C5510}.Debug|x64.Build.0 = Debug|x64
		{B87C8F46-ED9D-4A0B-B8D8-F5AFB90C5510}.Debug|x86.ActiveCfg = Debug|x64
		{B87C8F46-ED9D-4A0B-B8D8-F5AFB90C5510}.Debug|x86.Build.0 = Debug|x64
		{B87C8F46-ED9D-4A0B-B8D8-F5AFB90C5510}.Release|x64.ActiveCfg = Release|x64
		{B87C8F46-ED9D-4A0B-B8D8-F5AFB90C5510}.Release|x64.Build.0 = Release|x64
		{B87C8F46-ED9D-4A0B-B8D8-F5AFB90C5510}.Release|x86.ActiveCfg = Release|x64
		{B87C8F46-ED9D-4A0B-B8D8-F5AFB90C5510}.Release|x86.Build.0 = Release|x64
		{46E523BF-2C9C-462D-83D3-0165D6270EAF}.Debug|x64.ActiveCfg = Debug|x64
		{46E523BF-2C9C-462D-83D3-0165D6270EAF}.Debug|x64.Build.0 = Debug|x64
		{46E523BF-2C9C-462D-83D3-0165D6270EAF}.Debug|x86.ActiveCfg = Debug|x64
		{46E523BF-2C9C-462D-83D3-0165D6270EAF}.Debug|x86.Build.0 = Debug|x64
		{46E523BF-2C9C-462D-83D3-0165D6270EAF}.Release|x64.ActiveCfg = Release|x64
		{46E523BF-2C9C-462D-83D3-0165D6270EAF}.Release|x64.Build.0 = Release|x64
		{46E523BF-2C9C-462D-83D3-0165D6270EAF}.Release|x86.ActiveCfg = Release|x64
		{46E523BF-2C9C-462D-83D3-0165D6270EAF}.Release|x86.Build.0 = Release|x64
		{EDFE1A3A-941E-4675-B1D0-B944BDF54BBE}.Debug|x64.ActiveCfg = Debug|x64
		{EDFE1A3A-941E-4675-B1D0-B944BDF54BBE}.Debug|x64.Build.0 = Debug|x64
		{EDFE1A3A-941E-4675-B1D0-B944BDF54BBE}.Debug|x86.ActiveCfg = Debug|x64
		{EDFE1A3A-941E-4675-B1D0-B944BDF54BBE}.Debug|x86.Build.0 = Debug|x64
		{EDFE1A3A-941E-4675-B1D0-B944BDF54BBE}.Release|x64.ActiveCfg = Release|x64
		{EDFE1A3A-941E-4675-B1D0-B944BDF54BBE}.Release|x64.Build.0 = Release|x64
		{EDFE1A3A-941E-4675-B1D0-B944BDF54BBE}.Release|x86.ActiveCfg = Release|x64
		{EDFE1A3A-941E-4675-B1D0-B944BDF54BBE}.Release|x86.Build.0 = Release|x64
		{6B3A9CE8-5B8F-4869-813F-CBC839BDAD81}.Debug|x64.ActiveCfg = Debug|x64
		{6B3A9CE8-5B8F-4869-813F-CBC839BDAD81}.Debug|x64.Build.0 = Debug|x64
		{6B3A9CE8-5B8F-4869-813F-CBC839BDAD81}.Debug|x86.ActiveCfg = Debug|Win32
		{6B3A9CE8-5B8F-4869-813F-CBC839BDAD81}.Debug|x86.Build.0 = Debug|Win32
		{6B3A9CE8-5B8F-4869-813F-CBC839BDAD81}.Release|x64.ActiveCfg = Release|x64
		{6B3A9CE8-5B8F-4869-813F-CBC839BDAD81}.Release|x64.Build.0 = Release|x64
		{6B3A9CE8-5B8F-4869-813F-CBC839BDAD81}.Release|x86.ActiveCfg = Release|Win32
		{6B3A9CE8-5B8F-4869-813F-CBC839BDAD81}.Release|x86.Build.0 = Release|Win32
		{CAC94070-A817-405E-91F5-FF66E192895B}.Debug|x64.ActiveCfg = Debug|x64
		{CAC94070-A817-405E-91F5-FF66E192895B}.Debug|x64.Build.0 = Debug|x64
		{CAC94070-A817-405E-91F5-FF66E192895B}.Debug|x86.ActiveCfg = Debug|x64
		{CAC94070-A817-405E-91F5-FF66E192895B}.Debug|x86.Build.0 = Debug|x64
		{CAC94070-A817-405E-91F5-FF66E192895B}.Release|x64.ActiveCfg = Release|x64
		{CAC94070-A817-405E-91F5-FF66E192895B}.Release|x64.Build.0 = Release|x64
		{CAC94070-A817-405E-91F5-FF66E192895B}.Release|x86.ActiveCfg = Release|x64
		{CAC94070-A817-405E-91F5-FF66E192895B}.Release|x86.Build.0 = Release|x64
		{E67DC15E-ABF7-45F7-8D80-7D9D446EEC63}.Debug|x64.ActiveCfg = Debug|x64
		{E67DC15E-ABF7-45F7-8D80-7D9D446EEC63}.Debug|x64.Build.0 = Debug|x64
		{E67DC15E-ABF7-45F7-8D80-7D9D446EEC63}.Debug|x86.ActiveCfg = Debug|Win32
		{E67DC15E-ABF7-45F7-8D80-7D9D446EEC63}.Debug|x86.Build.0 = Debug|Win32
		{E67DC15E-ABF7-45F7-8D80-7D9D446EEC63}.Release|x64.ActiveCfg = Release|x64
		{E67DC15E-ABF7-45F7-8D80-7D9D446EEC63}.Release|x64.Build.0 = Release|x64
		{E67DC15E-ABF7-45F7-8D80-7D9D446EEC63}.Release|x86.ActiveCfg = Release|Win32
		{E67DC15E-ABF7-45F7-8D80-7D9D446EEC63}.Release|x86.Build.0 = Release|Win32
	EndGlobalSection
	GlobalSection(SolutionProperties) = preSolution
		HideSolutionNode = FALSE
	EndGlobalSection
	GlobalSection(ExtensibilityGlobals) = postSolution
		SolutionGuid = {7D6230AB-7710-4090-A858-FCBCA4A0F800}
	EndGlobalSection
EndGlobal
